
Microsoft Visual Studio Solution File, Format Version 12.00
# Visual Studio Version 17
VisualStudioVersion = 17.5.002.0
MinimumVisualStudioVersion = 10.0.40219.1
Project("{9A19103F-16F7-4668-BE54-9A1E7A4F7556}") = "Play.Trading.Service", "Play.Trading.Service.csproj", "{900F4FAA-AD6D-402B-A37B-136E3FF21701}"
EndProject
Project("{9A19103F-16F7-4668-BE54-9A1E7A4F7556}") = "Play.Common", "..\..\..\Play.Common\src\Play.Common\Play.Common.csproj", "{B45DC109-2943-4BE6-BEAD-9A18D7054672}"
EndProject
Global
	GlobalSection(SolutionConfigurationPlatforms) = preSolution
		Debug|Any CPU = Debug|Any CPU
		Release|Any CPU = Release|Any CPU
	EndGlobalSection
	GlobalSection(ProjectConfigurationPlatforms) = postSolution
		{900F4FAA-AD6D-402B-A37B-136E3FF21701}.Debug|Any CPU.ActiveCfg = Debug|Any CPU
		{900F4FAA-AD6D-402B-A37B-136E3FF21701}.Debug|Any CPU.Build.0 = Debug|Any CPU
		{900F4FAA-AD6D-402B-A37B-136E3FF21701}.Release|Any CPU.ActiveCfg = Release|Any CPU
		{900F4FAA-AD6D-402B-A37B-136E3FF21701}.Release|Any CPU.Build.0 = Release|Any CPU
		{B45DC109-2943-4BE6-BEAD-9A18D7054672}.Debug|Any CPU.ActiveCfg = Debug|Any CPU
		{B45DC109-2943-4BE6-BEAD-9A18D7054672}.Debug|Any CPU.Build.0 = Debug|Any CPU
		{B45DC109-2943-4BE6-BEAD-9A18D7054672}.Release|Any CPU.ActiveCfg = Release|Any CPU
		{B45DC109-2943-4BE6-BEAD-9A18D7054672}.Release|Any CPU.Build.0 = Release|Any CPU
	EndGlobalSection
	GlobalSection(SolutionProperties) = preSolution
		HideSolutionNode = FALSE
	EndGlobalSection
	GlobalSection(ExtensibilityGlobals) = postSolution
		SolutionGuid = {8FB34145-F64A-4317-B661-5AE0C090BEA2}
	EndGlobalSection
EndGlobal
